
Microsoft Visual Studio Solution File, Format Version 12.00
# Visual Studio Version 17
VisualStudioVersion = 17.9.34714.143
MinimumVisualStudioVersion = 10.0.40219.1
Project("{9A19103F-16F7-4668-BE54-9A1E7A4F7556}") = "AppBlogCore", "AppBlogCore\AppBlogCore.csproj", "{A6BACEFF-FE46-4863-A686-8980944740F5}"
EndProject
Project("{9A19103F-16F7-4668-BE54-9A1E7A4F7556}") = "AppBlogCore.DataAccess", "AppBlogCore.DataAccess\AppBlogCore.DataAccess.csproj", "{AC0042CA-A820-4971-9C91-D5272C640A6B}"
EndProject
Project("{9A19103F-16F7-4668-BE54-9A1E7A4F7556}") = "AppBlogCore.Models", "AppBlogCore.Models\AppBlogCore.Models.csproj", "{004E2E9B-74D8-4F78-9C0E-99FD1E9749E2}"
EndProject
Project("{9A19103F-16F7-4668-BE54-9A1E7A4F7556}") = "AppBlogCore.Utilities", "AppBlogCore.Utilities\AppBlogCore.Utilities.csproj", "{0F445766-2FDA-4D02-9717-C901D764F687}"
EndProject
Project("{2150E333-8FDC-42A3-9474-1A3956D46DE8}") = "Elementos de la solución", "Elementos de la solución", "{05F73F4B-8B9B-401C-B2A4-1EBD14DD410E}"
	ProjectSection(SolutionItems) = preProject
		Dockerfile = Dockerfile
	EndProjectSection
EndProject
Global
	GlobalSection(SolutionConfigurationPlatforms) = preSolution
		Debug|Any CPU = Debug|Any CPU
		Release|Any CPU = Release|Any CPU
	EndGlobalSection
	GlobalSection(ProjectConfigurationPlatforms) = postSolution
		{A6BACEFF-FE46-4863-A686-8980944740F5}.Debug|Any CPU.ActiveCfg = Debug|Any CPU
		{A6BACEFF-FE46-4863-A686-8980944740F5}.Debug|Any CPU.Build.0 = Debug|Any CPU
		{A6BACEFF-FE46-4863-A686-8980944740F5}.Release|Any CPU.ActiveCfg = Release|Any CPU
		{A6BACEFF-FE46-4863-A686-8980944740F5}.Release|Any CPU.Build.0 = Release|Any CPU
		{AC0042CA-A820-4971-9C91-D5272C640A6B}.Debug|Any CPU.ActiveCfg = Debug|Any CPU
		{AC0042CA-A820-4971-9C91-D5272C640A6B}.Debug|Any CPU.Build.0 = Debug|Any CPU
		{AC0042CA-A820-4971-9C91-D5272C640A6B}.Release|Any CPU.ActiveCfg = Release|Any CPU
		{AC0042CA-A820-4971-9C91-D5272C640A6B}.Release|Any CPU.Build.0 = Release|Any CPU
		{004E2E9B-74D8-4F78-9C0E-99FD1E9749E2}.Debug|Any CPU.ActiveCfg = Debug|Any CPU
		{004E2E9B-74D8-4F78-9C0E-99FD1E9749E2}.Debug|Any CPU.Build.0 = Debug|Any CPU
		{004E2E9B-74D8-4F78-9C0E-99FD1E9749E2}.Release|Any CPU.ActiveCfg = Release|Any CPU
		{004E2E9B-74D8-4F78-9C0E-99FD1E9749E2}.Release|Any CPU.Build.0 = Release|Any CPU
		{0F445766-2FDA-4D02-9717-C901D764F687}.Debug|Any CPU.ActiveCfg = Debug|Any CPU
		{0F445766-2FDA-4D02-9717-C901D764F687}.Debug|Any CPU.Build.0 = Debug|Any CPU
		{0F445766-2FDA-4D02-9717-C901D764F687}.Release|Any CPU.ActiveCfg = Release|Any CPU
		{0F445766-2FDA-4D02-9717-C901D764F687}.Release|Any CPU.Build.0 = Release|Any CPU
	EndGlobalSection
	GlobalSection(SolutionProperties) = preSolution
		HideSolutionNode = FALSE
	EndGlobalSection
	GlobalSection(ExtensibilityGlobals) = postSolution
		SolutionGuid = {EDF9ED8E-7B1F-4B75-AF36-0F4A75A6667A}
	EndGlobalSection
EndGlobal
